
Microsoft Visual Studio Solution File, Format Version 12.00
# Visual Studio 14
VisualStudioVersion = 14.0.25420.1
MinimumVisualStudioVersion = 10.0.40219.1
Project("{2150E333-8FDC-42A3-9474-1A3956D46DE8}") = ".nuget", ".nuget", "{4F9E338C-45F7-40EF-A7D2-793F392263ED}"
	ProjectSection(SolutionItems) = preProject
		.nuget\NuGet.Config = .nuget\NuGet.Config
		.nuget\NuGet.exe = .nuget\NuGet.exe
		.nuget\NuGet.targets = .nuget\NuGet.targets
	EndProjectSection
EndProject
Project("{FAE04EC0-301F-11D3-BF4B-00C04F79EFBC}") = "Checkout.ApiClient.Net45", "Checkout.ApiClient.Net45\Checkout.ApiClient.Net45.csproj", "{1C69B996-8AB6-4BA2-A5AE-58A350CBB34B}"
EndProject
Project("{FAE04EC0-301F-11D3-BF4B-00C04F79EFBC}") = "Checkout.ApiClient.Net45.Tests", "Checkout.ApiClient.Tests\Checkout.ApiClient.Net45.Tests.csproj", "{EC891A3C-20BF-4AB7-9B39-6C4120F99EB2}"
EndProject
Project("{2150E333-8FDC-42A3-9474-1A3956D46DE8}") = "Solution Items", "Solution Items", "{96A45877-4A18-4E32-B980-C4F9CCA99FCD}"
	ProjectSection(SolutionItems) = preProject
		build.cake = build.cake
		build.ps1 = build.ps1
	EndProjectSection
EndProject
Project("{2150E333-8FDC-42A3-9474-1A3956D46DE8}") = "src", "src", "{354F690C-9D6D-4F88-AD81-916F5406BE64}"
EndProject
Project("{2150E333-8FDC-42A3-9474-1A3956D46DE8}") = "Shared", "Shared", "{697BB3E1-F756-44BD-8C4C-F115F882881D}"
	ProjectSection(SolutionItems) = preProject
		ApiClientAssemblyInfo.cs = ApiClientAssemblyInfo.cs
	EndProjectSection
EndProject
Global
	GlobalSection(SolutionConfigurationPlatforms) = preSolution
		Debug|Any CPU = Debug|Any CPU
		Debug-Net40|Any CPU = Debug-Net40|Any CPU
		Release|Any CPU = Release|Any CPU
		Release-Net40|Any CPU = Release-Net40|Any CPU
	EndGlobalSection
	GlobalSection(ProjectConfigurationPlatforms) = postSolution
		{1C69B996-8AB6-4BA2-A5AE-58A350CBB34B}.Debug|Any CPU.ActiveCfg = Debug|Any CPU
		{1C69B996-8AB6-4BA2-A5AE-58A350CBB34B}.Debug|Any CPU.Build.0 = Debug|Any CPU
		{1C69B996-8AB6-4BA2-A5AE-58A350CBB34B}.Debug-Net40|Any CPU.ActiveCfg = Debug-Net40|Any CPU
		{1C69B996-8AB6-4BA2-A5AE-58A350CBB34B}.Debug-Net40|Any CPU.Build.0 = Debug-Net40|Any CPU
		{1C69B996-8AB6-4BA2-A5AE-58A350CBB34B}.Release|Any CPU.ActiveCfg = Release|Any CPU
		{1C69B996-8AB6-4BA2-A5AE-58A350CBB34B}.Release|Any CPU.Build.0 = Release|Any CPU
		{1C69B996-8AB6-4BA2-A5AE-58A350CBB34B}.Release-Net40|Any CPU.ActiveCfg = Release-Net40|Any CPU
		{1C69B996-8AB6-4BA2-A5AE-58A350CBB34B}.Release-Net40|Any CPU.Build.0 = Release-Net40|Any CPU
		{EC891A3C-20BF-4AB7-9B39-6C4120F99EB2}.Debug|Any CPU.ActiveCfg = Debug|Any CPU
		{EC891A3C-20BF-4AB7-9B39-6C4120F99EB2}.Debug|Any CPU.Build.0 = Debug|Any CPU
		{EC891A3C-20BF-4AB7-9B39-6C4120F99EB2}.Debug-Net40|Any CPU.ActiveCfg = Debug|Any CPU
		{EC891A3C-20BF-4AB7-9B39-6C4120F99EB2}.Debug-Net40|Any CPU.Build.0 = Debug|Any CPU
		{EC891A3C-20BF-4AB7-9B39-6C4120F99EB2}.Release|Any CPU.ActiveCfg = Release|Any CPU
		{EC891A3C-20BF-4AB7-9B39-6C4120F99EB2}.Release|Any CPU.Build.0 = Release|Any CPU
		{EC891A3C-20BF-4AB7-9B39-6C4120F99EB2}.Release-Net40|Any CPU.ActiveCfg = Release|Any CPU
		{EC891A3C-20BF-4AB7-9B39-6C4120F99EB2}.Release-Net40|Any CPU.Build.0 = Release|Any CPU
	EndGlobalSection
	GlobalSection(SolutionProperties) = preSolution
		HideSolutionNode = FALSE
	EndGlobalSection
	GlobalSection(NestedProjects) = preSolution
		{697BB3E1-F756-44BD-8C4C-F115F882881D} = {354F690C-9D6D-4F88-AD81-916F5406BE64}
	EndGlobalSection
EndGlobal
